
Microsoft Visual Studio Solution File, Format Version 11.00
# Visual Studio 2010
Project("{FAE04EC0-301F-11D3-BF4B-00C04F79EFBC}") = "1104test", "1104test\1104test.csproj", "{DBD5D5D1-F2B7-4A4B-A2E4-419305A34679}"
EndProject
Global
	GlobalSection(SolutionConfigurationPlatforms) = preSolution
		Debug|x64 = Debug|x64
		Debug|x86 = Debug|x86
		Release|x64 = Release|x64
		Release|x86 = Release|x86
	EndGlobalSection
	GlobalSection(ProjectConfigurationPlatforms) = postSolution
		{DBD5D5D1-F2B7-4A4B-A2E4-419305A34679}.Debug|x64.ActiveCfg = Debug|x64
		{DBD5D5D1-F2B7-4A4B-A2E4-419305A34679}.Debug|x64.Build.0 = Debug|x64
		{DBD5D5D1-F2B7-4A4B-A2E4-419305A34679}.Debug|x86.ActiveCfg = Debug|x86
		{DBD5D5D1-F2B7-4A4B-A2E4-419305A34679}.Debug|x86.Build.0 = Debug|x86
		{DBD5D5D1-F2B7-4A4B-A2E4-419305A34679}.Release|x64.ActiveCfg = Release|x64
		{DBD5D5D1-F2B7-4A4B-A2E4-419305A34679}.Release|x64.Build.0 = Release|x64
		{DBD5D5D1-F2B7-4A4B-A2E4-419305A34679}.Release|x86.ActiveCfg = Release|x86
		{DBD5D5D1-F2B7-4A4B-A2E4-419305A34679}.Release|x86.Build.0 = Release|x86
	EndGlobalSection
	GlobalSection(SolutionProperties) = preSolution
		HideSolutionNode = FALSE
	EndGlobalSection
EndGlobal
